
Microsoft Visual Studio Solution File, Format Version 12.00
# Visual Studio Version 16
VisualStudioVersion = 16.0.29306.81
MinimumVisualStudioVersion = 10.0.40219.1
Project("{FAE04EC0-301F-11D3-BF4B-00C04F79EFBC}") = "ACNinjaAPI", "ACNinjaAPI\ACNinjaAPI.csproj", "{13328F72-B0F8-44F9-83A3-C8051F5ED103}"
EndProject
Global
	GlobalSection(SolutionConfigurationPlatforms) = preSolution
		Debug|Any CPU = Debug|Any CPU
		Release|Any CPU = Release|Any CPU
	EndGlobalSection
	GlobalSection(ProjectConfigurationPlatforms) = postSolution
		{13328F72-B0F8-44F9-83A3-C8051F5ED103}.Debug|Any CPU.ActiveCfg = Debug|Any CPU
		{13328F72-B0F8-44F9-83A3-C8051F5ED103}.Debug|Any CPU.Build.0 = Debug|Any CPU
		{13328F72-B0F8-44F9-83A3-C8051F5ED103}.Release|Any CPU.ActiveCfg = Release|Any CPU
		{13328F72-B0F8-44F9-83A3-C8051F5ED103}.Release|Any CPU.Build.0 = Release|Any CPU
	EndGlobalSection
	GlobalSection(SolutionProperties) = preSolution
		HideSolutionNode = FALSE
	EndGlobalSection
	GlobalSection(ExtensibilityGlobals) = postSolution
		SolutionGuid = {B1024D73-EC69-4DC5-BDE6-9BDCB2B31814}
	EndGlobalSection
EndGlobal
